{
  "nodes": {
    "advisory-db": {
      "flake": false,
      "locked": {
        "lastModified": 1688825073,
        "narHash": "sha256-fK2huTDGHJc/oZjZWhMZMAt1nQSuuY6p41Y2pudtJdM=",
        "owner": "rustsec",
        "repo": "advisory-db",
        "rev": "5ceeefcbbabf4b510ef8ede121d6dc57d1a1f7f8",
        "type": "github"
      },
      "original": {
        "owner": "rustsec",
        "repo": "advisory-db",
        "type": "github"
      }
    },
    "crane": {
      "inputs": {
        "flake-compat": "flake-compat",
        "flake-utils": "flake-utils",
        "nixpkgs": [
          "tf-ncl",
          "nixpkgs"
        ],
        "rust-overlay": "rust-overlay"
      },
      "locked": {
        "lastModified": 1688772518,
        "narHash": "sha256-ol7gZxwvgLnxNSZwFTDJJ49xVY5teaSvF7lzlo3YQfM=",
        "owner": "ipetkov",
        "repo": "crane",
        "rev": "8b08e96c9af8c6e3a2b69af5a7fa168750fcf88e",
        "type": "github"
      },
      "original": {
        "owner": "ipetkov",
        "repo": "crane",
        "type": "github"
      }
    },
    "crane_2": {
      "inputs": {
        "flake-compat": "flake-compat_2",
        "flake-utils": "flake-utils_2",
        "nixpkgs": [
          "tf-ncl",
          "nickel",
          "nixpkgs"
        ],
        "rust-overlay": "rust-overlay_2"
      },
      "locked": {
        "lastModified": 1695511445,
        "narHash": "sha256-mnE14re43v3/Jc50Jv0BKPMtEk7FEtDSligP6B5HwlI=",
        "owner": "ipetkov",
        "repo": "crane",
        "rev": "3de322e06fc88ada5e3589dc8a375b73e749f512",
        "type": "github"
      },
      "original": {
        "owner": "ipetkov",
        "repo": "crane",
        "type": "github"
      }
    },
    "crane_3": {
      "inputs": {
        "flake-compat": "flake-compat_5",
        "flake-utils": "flake-utils_4",
        "nixpkgs": [
          "tf-ncl",
          "nickel",
          "topiary",
          "nixpkgs"
        ],
        "rust-overlay": "rust-overlay_4"
      },
      "locked": {
        "lastModified": 1688772518,
        "narHash": "sha256-ol7gZxwvgLnxNSZwFTDJJ49xVY5teaSvF7lzlo3YQfM=",
        "owner": "ipetkov",
        "repo": "crane",
        "rev": "8b08e96c9af8c6e3a2b69af5a7fa168750fcf88e",
        "type": "github"
      },
      "original": {
        "owner": "ipetkov",
        "repo": "crane",
        "type": "github"
      }
    },
    "flake-compat": {
      "flake": false,
      "locked": {
        "lastModified": 1673956053,
        "narHash": "sha256-4gtG9iQuiKITOjNQQeQIpoIB6b16fm+504Ch3sNKLd8=",
        "owner": "edolstra",
        "repo": "flake-compat",
        "rev": "35bb57c0c8d8b62bbfd284272c928ceb64ddbde9",
        "type": "github"
      },
      "original": {
        "owner": "edolstra",
        "repo": "flake-compat",
        "type": "github"
      }
    },
    "flake-compat_2": {
      "flake": false,
      "locked": {
        "lastModified": 1673956053,
        "narHash": "sha256-4gtG9iQuiKITOjNQQeQIpoIB6b16fm+504Ch3sNKLd8=",
        "owner": "edolstra",
        "repo": "flake-compat",
        "rev": "35bb57c0c8d8b62bbfd284272c928ceb64ddbde9",
        "type": "github"
      },
      "original": {
        "owner": "edolstra",
        "repo": "flake-compat",
        "type": "github"
      }
    },
    "flake-compat_3": {
      "flake": false,
      "locked": {
        "lastModified": 1673956053,
        "narHash": "sha256-4gtG9iQuiKITOjNQQeQIpoIB6b16fm+504Ch3sNKLd8=",
        "owner": "edolstra",
        "repo": "flake-compat",
        "rev": "35bb57c0c8d8b62bbfd284272c928ceb64ddbde9",
        "type": "github"
      },
      "original": {
        "owner": "edolstra",
        "repo": "flake-compat",
        "type": "github"
      }
    },
    "flake-compat_4": {
      "flake": false,
      "locked": {
        "lastModified": 1673956053,
        "narHash": "sha256-4gtG9iQuiKITOjNQQeQIpoIB6b16fm+504Ch3sNKLd8=",
        "owner": "edolstra",
        "repo": "flake-compat",
        "rev": "35bb57c0c8d8b62bbfd284272c928ceb64ddbde9",
        "type": "github"
      },
      "original": {
        "owner": "edolstra",
        "repo": "flake-compat",
        "type": "github"
      }
    },
    "flake-compat_5": {
      "flake": false,
      "locked": {
        "lastModified": 1673956053,
        "narHash": "sha256-4gtG9iQuiKITOjNQQeQIpoIB6b16fm+504Ch3sNKLd8=",
        "owner": "edolstra",
        "repo": "flake-compat",
        "rev": "35bb57c0c8d8b62bbfd284272c928ceb64ddbde9",
        "type": "github"
      },
      "original": {
        "owner": "edolstra",
        "repo": "flake-compat",
        "type": "github"
      }
    },
    "flake-compat_6": {
      "flake": false,
      "locked": {
        "lastModified": 1673956053,
        "narHash": "sha256-4gtG9iQuiKITOjNQQeQIpoIB6b16fm+504Ch3sNKLd8=",
        "owner": "edolstra",
        "repo": "flake-compat",
        "rev": "35bb57c0c8d8b62bbfd284272c928ceb64ddbde9",
        "type": "github"
      },
      "original": {
        "owner": "edolstra",
        "repo": "flake-compat",
        "type": "github"
      }
    },
    "flake-parts": {
      "inputs": {
        "nixpkgs-lib": [
          "nixpkgs"
        ]
      },
      "locked": {
        "lastModified": 1696343447,
        "narHash": "sha256-B2xAZKLkkeRFG5XcHHSXXcP7To9Xzr59KXeZiRf4vdQ=",
        "owner": "hercules-ci",
        "repo": "flake-parts",
        "rev": "c9afaba3dfa4085dbd2ccb38dfade5141e33d9d4",
        "type": "github"
      },
      "original": {
        "owner": "hercules-ci",
        "repo": "flake-parts",
        "type": "github"
      }
    },
    "flake-utils": {
      "inputs": {
        "systems": "systems"
      },
      "locked": {
        "lastModified": 1687709756,
        "narHash": "sha256-Y5wKlQSkgEK2weWdOu4J3riRd+kV/VCgHsqLNTTWQ/0=",
        "owner": "numtide",
        "repo": "flake-utils",
        "rev": "dbabf0ca0c0c4bce6ea5eaf65af5cb694d2082c7",
        "type": "github"
      },
      "original": {
        "owner": "numtide",
        "repo": "flake-utils",
        "type": "github"
      }
    },
    "flake-utils_2": {
      "inputs": {
        "systems": "systems_2"
      },
      "locked": {
        "lastModified": 1694529238,
        "narHash": "sha256-zsNZZGTGnMOf9YpHKJqMSsa0dXbfmxeoJ7xHlrt+xmY=",
        "owner": "numtide",
        "repo": "flake-utils",
        "rev": "ff7b65b44d01cf9ba6a71320833626af21126384",
        "type": "github"
      },
      "original": {
        "owner": "numtide",
        "repo": "flake-utils",
        "type": "github"
      }
    },
    "flake-utils_3": {
      "inputs": {
        "systems": "systems_3"
      },
      "locked": {
        "lastModified": 1694529238,
        "narHash": "sha256-zsNZZGTGnMOf9YpHKJqMSsa0dXbfmxeoJ7xHlrt+xmY=",
        "owner": "numtide",
        "repo": "flake-utils",
        "rev": "ff7b65b44d01cf9ba6a71320833626af21126384",
        "type": "github"
      },
      "original": {
        "owner": "numtide",
        "repo": "flake-utils",
        "type": "github"
      }
    },
    "flake-utils_4": {
      "inputs": {
        "systems": "systems_4"
      },
      "locked": {
        "lastModified": 1687709756,
        "narHash": "sha256-Y5wKlQSkgEK2weWdOu4J3riRd+kV/VCgHsqLNTTWQ/0=",
        "owner": "numtide",
        "repo": "flake-utils",
        "rev": "dbabf0ca0c0c4bce6ea5eaf65af5cb694d2082c7",
        "type": "github"
      },
      "original": {
        "owner": "numtide",
        "repo": "flake-utils",
        "type": "github"
      }
    },
    "flake-utils_5": {
      "inputs": {
        "systems": "systems_5"
      },
      "locked": {
        "lastModified": 1687709756,
        "narHash": "sha256-Y5wKlQSkgEK2weWdOu4J3riRd+kV/VCgHsqLNTTWQ/0=",
        "owner": "numtide",
        "repo": "flake-utils",
        "rev": "dbabf0ca0c0c4bce6ea5eaf65af5cb694d2082c7",
        "type": "github"
      },
      "original": {
        "owner": "numtide",
        "repo": "flake-utils",
        "type": "github"
      }
    },
    "flake-utils_6": {
      "inputs": {
        "systems": "systems_6"
      },
      "locked": {
        "lastModified": 1681202837,
        "narHash": "sha256-H+Rh19JDwRtpVPAWp64F+rlEtxUWBAQW28eAi3SRSzg=",
        "owner": "numtide",
        "repo": "flake-utils",
        "rev": "cfacdce06f30d2b68473a46042957675eebb3401",
        "type": "github"
      },
      "original": {
        "owner": "numtide",
        "repo": "flake-utils",
        "type": "github"
      }
    },
    "gitignore": {
      "inputs": {
        "nixpkgs": [
          "tf-ncl",
          "nickel",
          "pre-commit-hooks",
          "nixpkgs"
        ]
      },
      "locked": {
        "lastModified": 1660459072,
        "narHash": "sha256-8DFJjXG8zqoONA1vXtgeKXy68KdJL5UaXR8NtVMUbx8=",
        "owner": "hercules-ci",
        "repo": "gitignore.nix",
        "rev": "a20de23b925fd8264fd7fad6454652e142fd7f73",
        "type": "github"
      },
      "original": {
        "owner": "hercules-ci",
        "repo": "gitignore.nix",
        "type": "github"
      }
    },
    "gitignore_2": {
      "inputs": {
        "nixpkgs": [
          "tf-ncl",
          "pre-commit-hooks",
          "nixpkgs"
        ]
      },
      "locked": {
        "lastModified": 1660459072,
        "narHash": "sha256-8DFJjXG8zqoONA1vXtgeKXy68KdJL5UaXR8NtVMUbx8=",
        "owner": "hercules-ci",
        "repo": "gitignore.nix",
        "rev": "a20de23b925fd8264fd7fad6454652e142fd7f73",
        "type": "github"
      },
      "original": {
        "owner": "hercules-ci",
        "repo": "gitignore.nix",
        "type": "github"
      }
    },
    "import-cargo": {
      "locked": {
        "lastModified": 1594305518,
        "narHash": "sha256-frtArgN42rSaEcEOYWg8sVPMUK+Zgch3c+wejcpX3DY=",
        "owner": "edolstra",
        "repo": "import-cargo",
        "rev": "25d40be4a73d40a2572e0cc233b83253554f06c5",
        "type": "github"
      },
      "original": {
        "owner": "edolstra",
        "repo": "import-cargo",
        "type": "github"
      }
    },
    "lowdown-src": {
      "flake": false,
      "locked": {
        "lastModified": 1633514407,
        "narHash": "sha256-Dw32tiMjdK9t3ETl5fzGrutQTzh2rufgZV4A/BbxuD4=",
        "owner": "kristapsdz",
        "repo": "lowdown",
        "rev": "d2c2b44ff6c27b936ec27358a2653caaef8f73b8",
        "type": "github"
      },
      "original": {
        "owner": "kristapsdz",
        "repo": "lowdown",
        "type": "github"
      }
    },
    "nickel": {
      "inputs": {
        "crane": "crane_2",
        "flake-utils": "flake-utils_3",
        "nix-input": "nix-input",
        "nixpkgs": "nixpkgs_3",
        "pre-commit-hooks": "pre-commit-hooks",
        "rust-overlay": "rust-overlay_3",
        "topiary": "topiary"
      },
      "locked": {
        "lastModified": 1700145484,
        "narHash": "sha256-MBonps3yFEpw9l3EAJ6BXNNjY2fUGzWCP+7h0M8LEAY=",
        "owner": "tweag",
        "repo": "nickel",
        "rev": "4798c4da02ab4240b203de53fb3d04190c434863",
        "type": "github"
      },
      "original": {
        "owner": "tweag",
        "ref": "1.3.0",
        "repo": "nickel",
        "type": "github"
      }
    },
    "nix-filter": {
      "locked": {
        "lastModified": 1687178632,
        "narHash": "sha256-HS7YR5erss0JCaUijPeyg2XrisEb959FIct3n2TMGbE=",
        "owner": "numtide",
        "repo": "nix-filter",
        "rev": "d90c75e8319d0dd9be67d933d8eb9d0894ec9174",
        "type": "github"
      },
      "original": {
        "owner": "numtide",
        "repo": "nix-filter",
        "type": "github"
      }
    },
    "nix-input": {
      "inputs": {
        "flake-compat": "flake-compat_3",
        "lowdown-src": "lowdown-src",
        "nixpkgs": "nixpkgs_2",
        "nixpkgs-regression": "nixpkgs-regression"
      },
      "locked": {
        "lastModified": 1694598107,
        "narHash": "sha256-JEJSU2O+getWkc+Ql6Dsp72ZGihyZ2Ba7fMdv+ma4TQ=",
        "owner": "nixos",
        "repo": "nix",
        "rev": "b99fdcf8dbb38ec0be0e82f65d1d138ec9e89dda",
        "type": "github"
      },
      "original": {
        "owner": "nixos",
        "repo": "nix",
        "type": "github"
      }
    },
    "nixpkgs": {
      "locked": {
        "lastModified": 1697009197,
        "narHash": "sha256-viVRhBTFT8fPJTb1N3brQIpFZnttmwo3JVKNuWRVc3s=",
        "owner": "NixOS",
        "repo": "nixpkgs",
        "rev": "01441e14af5e29c9d27ace398e6dd0b293e25a54",
        "type": "github"
      },
      "original": {
        "owner": "NixOS",
        "ref": "nixpkgs-unstable",
        "repo": "nixpkgs",
        "type": "github"
      }
    },
    "nixpkgs-regression": {
      "locked": {
        "lastModified": 1643052045,
        "narHash": "sha256-uGJ0VXIhWKGXxkeNnq4TvV3CIOkUJ3PAoLZ3HMzNVMw=",
        "owner": "NixOS",
        "repo": "nixpkgs",
        "rev": "215d4d0fd80ca5163643b03a33fde804a29cc1e2",
        "type": "github"
      },
      "original": {
        "owner": "NixOS",
        "repo": "nixpkgs",
        "rev": "215d4d0fd80ca5163643b03a33fde804a29cc1e2",
        "type": "github"
      }
    },
    "nixpkgs-stable": {
      "locked": {
        "lastModified": 1685801374,
        "narHash": "sha256-otaSUoFEMM+LjBI1XL/xGB5ao6IwnZOXc47qhIgJe8U=",
        "owner": "NixOS",
        "repo": "nixpkgs",
        "rev": "c37ca420157f4abc31e26f436c1145f8951ff373",
        "type": "github"
      },
      "original": {
        "owner": "NixOS",
        "ref": "nixos-23.05",
        "repo": "nixpkgs",
        "type": "github"
      }
    },
    "nixpkgs-stable_2": {
      "locked": {
        "lastModified": 1685801374,
        "narHash": "sha256-otaSUoFEMM+LjBI1XL/xGB5ao6IwnZOXc47qhIgJe8U=",
        "owner": "NixOS",
        "repo": "nixpkgs",
        "rev": "c37ca420157f4abc31e26f436c1145f8951ff373",
        "type": "github"
      },
      "original": {
        "owner": "NixOS",
        "ref": "nixos-23.05",
        "repo": "nixpkgs",
        "type": "github"
      }
    },
    "nixpkgs_2": {
      "locked": {
        "lastModified": 1695830400,
        "narHash": "sha256-gToZXQVr0G/1WriO83olnqrLSHF2Jb8BPcmCt497ro0=",
        "owner": "NixOS",
        "repo": "nixpkgs",
        "rev": "8a86b98f0ba1c405358f1b71ff8b5e1d317f5db2",
        "type": "github"
      },
      "original": {
        "owner": "NixOS",
        "ref": "nixos-22.11-small",
        "repo": "nixpkgs",
        "type": "github"
      }
    },
    "nixpkgs_3": {
      "locked": {
        "lastModified": 1693565476,
        "narHash": "sha256-ya00zHt7YbPo3ve/wNZ/6nts61xt7wK/APa6aZAfey0=",
        "owner": "NixOS",
        "repo": "nixpkgs",
        "rev": "aa8aa7e2ea35ce655297e8322dc82bf77a31d04b",
        "type": "github"
      },
      "original": {
        "id": "nixpkgs",
        "ref": "nixos-unstable",
        "type": "indirect"
      }
    },
    "nixpkgs_4": {
      "locked": {
        "lastModified": 1681358109,
        "narHash": "sha256-eKyxW4OohHQx9Urxi7TQlFBTDWII+F+x2hklDOQPB50=",
        "owner": "NixOS",
        "repo": "nixpkgs",
        "rev": "96ba1c52e54e74c3197f4d43026b3f3d92e83ff9",
        "type": "github"
      },
      "original": {
        "owner": "NixOS",
        "ref": "nixpkgs-unstable",
        "repo": "nixpkgs",
        "type": "github"
      }
    },
    "nixpkgs_5": {
      "locked": {
        "lastModified": 1690179384,
        "narHash": "sha256-+arbgqFTAtoeKtepW9wCnA0njCOyoiDFyl0Q0SBSOtE=",
        "owner": "NixOS",
        "repo": "nixpkgs",
        "rev": "b12803b6d90e2e583429bb79b859ca53c348b39a",
        "type": "github"
      },
      "original": {
        "id": "nixpkgs",
        "ref": "nixos-unstable",
        "type": "indirect"
      }
    },
    "pre-commit-hooks": {
      "inputs": {
        "flake-compat": "flake-compat_4",
        "flake-utils": [
          "tf-ncl",
          "nickel",
          "flake-utils"
        ],
        "gitignore": "gitignore",
        "nixpkgs": [
          "tf-ncl",
          "nickel",
          "nixpkgs"
        ],
        "nixpkgs-stable": "nixpkgs-stable"
      },
      "locked": {
        "lastModified": 1695576016,
        "narHash": "sha256-71KxwRhTfVuh7kNrg3/edNjYVg9DCyKZl2QIKbhRggg=",
        "owner": "cachix",
        "repo": "pre-commit-hooks.nix",
        "rev": "cb770e93516a1609652fa8e945a0f310e98f10c0",
        "type": "github"
      },
      "original": {
        "owner": "cachix",
        "repo": "pre-commit-hooks.nix",
        "type": "github"
      }
    },
    "pre-commit-hooks_2": {
      "inputs": {
        "flake-compat": "flake-compat_6",
        "flake-utils": [
          "tf-ncl",
          "utils"
        ],
        "gitignore": "gitignore_2",
        "nixpkgs": [
          "tf-ncl",
          "nixpkgs"
        ],
        "nixpkgs-stable": "nixpkgs-stable_2"
      },
      "locked": {
        "lastModified": 1689668210,
        "narHash": "sha256-XAATwDkaUxH958yXLs1lcEOmU6pSEIkatY3qjqk8X0E=",
        "owner": "cachix",
        "repo": "pre-commit-hooks.nix",
        "rev": "eb433bff05b285258be76513add6f6c57b441775",
        "type": "github"
      },
      "original": {
        "owner": "cachix",
        "repo": "pre-commit-hooks.nix",
        "type": "github"
      }
    },
    "root": {
      "inputs": {
        "flake-parts": "flake-parts",
        "nickel": [
          "tf-ncl",
          "nickel"
        ],
        "nixpkgs": "nixpkgs",
        "terraform-providers": "terraform-providers",
        "tf-ncl": "tf-ncl"
      }
    },
    "rust-overlay": {
      "inputs": {
        "flake-utils": [
          "tf-ncl",
          "crane",
          "flake-utils"
        ],
        "nixpkgs": [
          "tf-ncl",
          "crane",
          "nixpkgs"
        ]
      },
      "locked": {
        "lastModified": 1688351637,
        "narHash": "sha256-CLTufJ29VxNOIZ8UTg0lepsn3X03AmopmaLTTeHDCL4=",
        "owner": "oxalica",
        "repo": "rust-overlay",
        "rev": "f9b92316727af9e6c7fee4a761242f7f46880329",
        "type": "github"
      },
      "original": {
        "owner": "oxalica",
        "repo": "rust-overlay",
        "type": "github"
      }
    },
    "rust-overlay_2": {
      "inputs": {
        "flake-utils": [
          "tf-ncl",
          "nickel",
          "crane",
          "flake-utils"
        ],
        "nixpkgs": [
          "tf-ncl",
          "nickel",
          "crane",
          "nixpkgs"
        ]
      },
      "locked": {
        "lastModified": 1695003086,
        "narHash": "sha256-d1/ZKuBRpxifmUf7FaedCqhy0lyVbqj44Oc2s+P5bdA=",
        "owner": "oxalica",
        "repo": "rust-overlay",
        "rev": "b87a14abea512d956f0b89d0d8a1e9b41f3e20ff",
        "type": "github"
      },
      "original": {
        "owner": "oxalica",
        "repo": "rust-overlay",
        "type": "github"
      }
    },
    "rust-overlay_3": {
      "inputs": {
        "flake-utils": [
          "tf-ncl",
          "nickel",
          "flake-utils"
        ],
        "nixpkgs": [
          "tf-ncl",
          "nickel",
          "nixpkgs"
        ]
      },
      "locked": {
        "lastModified": 1696039808,
        "narHash": "sha256-7TbAr9LskWG6ISPhUdyp6zHboT7FsFrME5QsWKybPTA=",
        "owner": "oxalica",
        "repo": "rust-overlay",
        "rev": "a4c3c904ab29e04a20d3a6da6626d66030385773",
        "type": "github"
      },
      "original": {
        "owner": "oxalica",
        "repo": "rust-overlay",
        "type": "github"
      }
    },
    "rust-overlay_4": {
      "inputs": {
        "flake-utils": [
          "tf-ncl",
          "nickel",
          "topiary",
          "crane",
          "flake-utils"
        ],
        "nixpkgs": [
          "tf-ncl",
          "nickel",
          "topiary",
          "crane",
          "nixpkgs"
        ]
      },
      "locked": {
        "lastModified": 1688351637,
        "narHash": "sha256-CLTufJ29VxNOIZ8UTg0lepsn3X03AmopmaLTTeHDCL4=",
        "owner": "oxalica",
        "repo": "rust-overlay",
        "rev": "f9b92316727af9e6c7fee4a761242f7f46880329",
        "type": "github"
      },
      "original": {
        "owner": "oxalica",
        "repo": "rust-overlay",
        "type": "github"
      }
    },
    "rust-overlay_5": {
      "inputs": {
        "flake-utils": "flake-utils_6",
        "nixpkgs": "nixpkgs_4"
      },
      "locked": {
        "lastModified": 1689042658,
        "narHash": "sha256-p7cQAFNt5kX19sZvK74CmY0nTrtujpZg6sZUiV1ntAk=",
        "owner": "oxalica",
        "repo": "rust-overlay",
        "rev": "d7181bb2237035df17cab9295c95f987f5c527e6",
        "type": "github"
      },
      "original": {
        "owner": "oxalica",
        "repo": "rust-overlay",
        "type": "github"
      }
    },
    "rust-overlay_6": {
      "inputs": {
        "flake-utils": [
          "tf-ncl",
          "utils"
        ],
        "nixpkgs": [
          "tf-ncl",
          "nixpkgs"
        ]
      },
      "locked": {
        "lastModified": 1690252178,
        "narHash": "sha256-9oEz822bvbHobfCUjJLDor2BqW3I5tycIauzDlzOALY=",
        "owner": "oxalica",
        "repo": "rust-overlay",
        "rev": "8d64353ca827002fb8459e44d49116c78d868eba",
        "type": "github"
      },
      "original": {
        "owner": "oxalica",
        "repo": "rust-overlay",
        "type": "github"
      }
    },
    "systems": {
      "locked": {
        "lastModified": 1681028828,
        "narHash": "sha256-Vy1rq5AaRuLzOxct8nz4T6wlgyUR7zLU309k9mBC768=",
        "owner": "nix-systems",
        "repo": "default",
        "rev": "da67096a3b9bf56a91d16901293e51ba5b49a27e",
        "type": "github"
      },
      "original": {
        "owner": "nix-systems",
        "repo": "default",
        "type": "github"
      }
    },
    "systems_2": {
      "locked": {
        "lastModified": 1681028828,
        "narHash": "sha256-Vy1rq5AaRuLzOxct8nz4T6wlgyUR7zLU309k9mBC768=",
        "owner": "nix-systems",
        "repo": "default",
        "rev": "da67096a3b9bf56a91d16901293e51ba5b49a27e",
        "type": "github"
      },
      "original": {
        "owner": "nix-systems",
        "repo": "default",
        "type": "github"
      }
    },
    "systems_3": {
      "locked": {
        "lastModified": 1681028828,
        "narHash": "sha256-Vy1rq5AaRuLzOxct8nz4T6wlgyUR7zLU309k9mBC768=",
        "owner": "nix-systems",
        "repo": "default",
        "rev": "da67096a3b9bf56a91d16901293e51ba5b49a27e",
        "type": "github"
      },
      "original": {
        "owner": "nix-systems",
        "repo": "default",
        "type": "github"
      }
    },
    "systems_4": {
      "locked": {
        "lastModified": 1681028828,
        "narHash": "sha256-Vy1rq5AaRuLzOxct8nz4T6wlgyUR7zLU309k9mBC768=",
        "owner": "nix-systems",
        "repo": "default",
        "rev": "da67096a3b9bf56a91d16901293e51ba5b49a27e",
        "type": "github"
      },
      "original": {
        "owner": "nix-systems",
        "repo": "default",
        "type": "github"
      }
    },
    "systems_5": {
      "locked": {
        "lastModified": 1681028828,
        "narHash": "sha256-Vy1rq5AaRuLzOxct8nz4T6wlgyUR7zLU309k9mBC768=",
        "owner": "nix-systems",
        "repo": "default",
        "rev": "da67096a3b9bf56a91d16901293e51ba5b49a27e",
        "type": "github"
      },
      "original": {
        "owner": "nix-systems",
        "repo": "default",
        "type": "github"
      }
    },
    "systems_6": {
      "locked": {
        "lastModified": 1681028828,
        "narHash": "sha256-Vy1rq5AaRuLzOxct8nz4T6wlgyUR7zLU309k9mBC768=",
        "owner": "nix-systems",
        "repo": "default",
        "rev": "da67096a3b9bf56a91d16901293e51ba5b49a27e",
        "type": "github"
      },
      "original": {
        "owner": "nix-systems",
        "repo": "default",
        "type": "github"
      }
    },
    "systems_7": {
      "locked": {
        "lastModified": 1681028828,
        "narHash": "sha256-Vy1rq5AaRuLzOxct8nz4T6wlgyUR7zLU309k9mBC768=",
        "owner": "nix-systems",
        "repo": "default",
        "rev": "da67096a3b9bf56a91d16901293e51ba5b49a27e",
        "type": "github"
      },
      "original": {
        "owner": "nix-systems",
        "repo": "default",
        "type": "github"
      }
    },
    "terraform-providers": {
      "inputs": {
        "nixpkgs": [
          "nixpkgs"
        ]
      },
      "locked": {
        "lastModified": 1697070923,
        "narHash": "sha256-TtCWpdYbUnIM9ydvNn6r3ei+sDqof7+wqXH00t9sCEo=",
        "owner": "numtide",
        "repo": "nixpkgs-terraform-providers-bin",
        "rev": "752dc0319044c11ca9cff1f8a5839e6e0eb5267d",
        "type": "github"
      },
      "original": {
        "owner": "numtide",
        "repo": "nixpkgs-terraform-providers-bin",
        "type": "github"
      }
    },
    "tf-ncl": {
      "inputs": {
        "crane": "crane",
        "import-cargo": "import-cargo",
        "nickel": "nickel",
        "nixpkgs": "nixpkgs_5",
        "pre-commit-hooks": "pre-commit-hooks_2",
        "rust-overlay": "rust-overlay_6",
        "topiary": [],
        "utils": "utils"
      },
      "locked": {
        "lastModified": 1701400181,
        "narHash": "sha256-yHbps3aY3ZnhaMHepTsShI3+VyoYQqXi6rtDL0S53sY=",
        "owner": "gtrunsec",
        "repo": "tf-ncl",
        "rev": "e524cef8ecd1775ef10520899674bd5d9a55ee7d",
        "type": "github"
      },
      "original": {
        "owner": "gtrunsec",
        "ref": "dev",
        "repo": "tf-ncl",
        "type": "github"
      }
    },
    "topiary": {
      "inputs": {
        "advisory-db": "advisory-db",
        "crane": "crane_3",
        "flake-utils": "flake-utils_5",
        "nix-filter": "nix-filter",
        "nixpkgs": [
          "tf-ncl",
          "nickel",
          "nixpkgs"
        ],
        "rust-overlay": "rust-overlay_5"
      },
      "locked": {
        "lastModified": 1695289853,
        "narHash": "sha256-EgDFjJeGJb36je/be7DXvzvpBYDUaupOiQxtL7bN/+Q=",
        "owner": "tweag",
        "repo": "topiary",
        "rev": "8299a04bf83c4a2774cbbff7a036c022efa939b3",
        "type": "github"
      },
      "original": {
        "owner": "tweag",
        "repo": "topiary",
        "type": "github"
      }
    },
    "utils": {
      "inputs": {
        "systems": "systems_7"
      },
      "locked": {
        "lastModified": 1689068808,
        "narHash": "sha256-6ixXo3wt24N/melDWjq70UuHQLxGV8jZvooRanIHXw0=",
        "owner": "numtide",
        "repo": "flake-utils",
        "rev": "919d646de7be200f3bf08cb76ae1f09402b6f9b4",
        "type": "github"
      },
      "original": {
        "owner": "numtide",
        "repo": "flake-utils",
        "type": "github"
      }
    }
  },
  "root": "root",
  "version": 7
}
